
Microsoft Visual Studio Solution File, Format Version 12.00
# Visual Studio Version 17
VisualStudioVersion = 17.4.33205.214
MinimumVisualStudioVersion = 10.0.40219.1
Project("{FAE04EC0-301F-11D3-BF4B-00C04F79EFBC}") = "Student Marks", "Student Marks\Student Marks.csproj", "{7A81A933-C427-44AA-871B-B6A39B613D2D}"
EndProject
Global
	GlobalSection(SolutionConfigurationPlatforms) = preSolution
		Debug|Any CPU = Debug|Any CPU
		Release|Any CPU = Release|Any CPU
	EndGlobalSection
	GlobalSection(ProjectConfigurationPlatforms) = postSolution
		{7A81A933-C427-44AA-871B-B6A39B613D2D}.Debug|Any CPU.ActiveCfg = Debug|Any CPU
		{7A81A933-C427-44AA-871B-B6A39B613D2D}.Debug|Any CPU.Build.0 = Debug|Any CPU
		{7A81A933-C427-44AA-871B-B6A39B613D2D}.Release|Any CPU.ActiveCfg = Release|Any CPU
		{7A81A933-C427-44AA-871B-B6A39B613D2D}.Release|Any CPU.Build.0 = Release|Any CPU
	EndGlobalSection
	GlobalSection(SolutionProperties) = preSolution
		HideSolutionNode = FALSE
	EndGlobalSection
	GlobalSection(ExtensibilityGlobals) = postSolution
		SolutionGuid = {D413A2D1-29D9-478A-9593-F74C9830F3A2}
	EndGlobalSection
EndGlobal
